
Microsoft Visual Studio Solution File, Format Version 12.00
# Visual Studio Version 17
VisualStudioVersion = 17.3.32804.467
MinimumVisualStudioVersion = 10.0.40219.1
Project("{FAE04EC0-301F-11D3-BF4B-00C04F79EFBC}") = "EB-T1_ArrayList", "EB-T1_ArrayList.csproj", "{969EA01F-3F14-4763-B51D-7EC948782365}"
EndProject
Global
	GlobalSection(SolutionConfigurationPlatforms) = preSolution
		Debug|Any CPU = Debug|Any CPU
		Release|Any CPU = Release|Any CPU
	EndGlobalSection
	GlobalSection(ProjectConfigurationPlatforms) = postSolution
		{969EA01F-3F14-4763-B51D-7EC948782365}.Debug|Any CPU.ActiveCfg = Debug|Any CPU
		{969EA01F-3F14-4763-B51D-7EC948782365}.Debug|Any CPU.Build.0 = Debug|Any CPU
		{969EA01F-3F14-4763-B51D-7EC948782365}.Release|Any CPU.ActiveCfg = Release|Any CPU
		{969EA01F-3F14-4763-B51D-7EC948782365}.Release|Any CPU.Build.0 = Release|Any CPU
	EndGlobalSection
	GlobalSection(SolutionProperties) = preSolution
		HideSolutionNode = FALSE
	EndGlobalSection
	GlobalSection(ExtensibilityGlobals) = postSolution
		SolutionGuid = {1CAC8802-9FF0-464C-A10F-DA625626EC15}
	EndGlobalSection
EndGlobal
